# This file is autogenerated, do not edit; changes may be undone by the next 'dep ensure'.


[[projects]]
  branch = "master"
  name = "github.com/joho/prohttphandler"
  packages = ["."]
  revision = "7d7ff700f5f37c5883606096962e3f99cfb036c1"

[solve-meta]
  analyzer-name = "dep"
  analyzer-version = 1
  inputs-digest = "45eb918f037a372f68a024c105fa4895e27c2beb872469310eff8eb530a16115"
  solver-name = "gps-cdcl"
  solver-version = 1
